
Microsoft Visual Studio Solution File, Format Version 12.00
# Visual Studio 2012
Project("{FAE04EC0-301F-11D3-BF4B-00C04F79EFBC}") = "AIFH-Vol2", "AIFH-Vol2\AIFH-Vol2.csproj", "{568072D7-0E71-4DF8-B8AB-3FF6B3501AC9}"
EndProject
Project("{FAE04EC0-301F-11D3-BF4B-00C04F79EFBC}") = "AIFH-Vol2-Core", "AIFH-Vol2-Core\AIFH-Vol2-Core.csproj", "{BD1F5D28-B748-468A-B6F3-EBF779AD886F}"
EndProject
Global
	GlobalSection(SolutionConfigurationPlatforms) = preSolution
		Debug|Any CPU = Debug|Any CPU
		Release|Any CPU = Release|Any CPU
	EndGlobalSection
	GlobalSection(ProjectConfigurationPlatforms) = postSolution
		{568072D7-0E71-4DF8-B8AB-3FF6B3501AC9}.Debug|Any CPU.ActiveCfg = Debug|Any CPU
		{568072D7-0E71-4DF8-B8AB-3FF6B3501AC9}.Debug|Any CPU.Build.0 = Debug|Any CPU
		{568072D7-0E71-4DF8-B8AB-3FF6B3501AC9}.Release|Any CPU.ActiveCfg = Release|Any CPU
		{568072D7-0E71-4DF8-B8AB-3FF6B3501AC9}.Release|Any CPU.Build.0 = Release|Any CPU
		{BD1F5D28-B748-468A-B6F3-EBF779AD886F}.Debug|Any CPU.ActiveCfg = Debug|Any CPU
		{BD1F5D28-B748-468A-B6F3-EBF779AD886F}.Debug|Any CPU.Build.0 = Debug|Any CPU
		{BD1F5D28-B748-468A-B6F3-EBF779AD886F}.Release|Any CPU.ActiveCfg = Release|Any CPU
		{BD1F5D28-B748-468A-B6F3-EBF779AD886F}.Release|Any CPU.Build.0 = Release|Any CPU
	EndGlobalSection
	GlobalSection(SolutionProperties) = preSolution
		HideSolutionNode = FALSE
	EndGlobalSection
EndGlobal
